
Microsoft Visual Studio Solution File, Format Version 12.00
# Visual Studio Version 16
VisualStudioVersion = 16.0.30503.244
MinimumVisualStudioVersion = 10.0.40219.1
Project("{9A19103F-16F7-4668-BE54-9A1E7A4F7556}") = "AprajitaRetails", "AprajitaRetails\AprajitaRetails.csproj", "{7DB52E09-DE82-4C49-A6A5-4EA77C92C14A}"
	ProjectSection(ProjectDependencies) = postProject
		{E8B79F25-8138-469F-9541-55FC7B03595D} = {E8B79F25-8138-469F-9541-55FC7B03595D}
		{C7B7DB2F-2A0D-4D72-BB2A-317F8BB9AE6F} = {C7B7DB2F-2A0D-4D72-BB2A-317F8BB9AE6F}
	EndProjectSection
EndProject
Project("{D954291E-2A0B-460D-934E-DC6B0785DB48}") = "AprajitaRetails.Shared", "AprajitaRetails.Shared\AprajitaRetails.Shared.shproj", "{C8D8A2E6-4D43-4766-8D80-6B9F6A4B1C82}"
EndProject
Project("{9A19103F-16F7-4668-BE54-9A1E7A4F7556}") = "AprajitaRetails.BL", "AprajitaRetails.BL\AprajitaRetails.BL.csproj", "{E8B79F25-8138-469F-9541-55FC7B03595D}"
EndProject
Project("{9A19103F-16F7-4668-BE54-9A1E7A4F7556}") = "AprajitaRetails.DL", "AprajitaRetails.DL\AprajitaRetails.DL.csproj", "{C7B7DB2F-2A0D-4D72-BB2A-317F8BB9AE6F}"
EndProject
Project("{9A19103F-16F7-4668-BE54-9A1E7A4F7556}") = "AprajitaRetails.API", "AprajitaRetails.API\AprajitaRetails.API.csproj", "{16D4031F-988A-4C38-BFDF-B9394FCF02F9}"
EndProject
Project("{D954291E-2A0B-460D-934E-DC6B0785DB48}") = "AprajitaRetails.Dumps", "AprajitaRetails.Dumps\AprajitaRetails.Dumps.shproj", "{1FFD2A6B-426F-4132-8E71-5D351237C784}"
EndProject
Project("{2150E333-8FDC-42A3-9474-1A3956D46DE8}") = "Solution Items", "Solution Items", "{D45555EF-06D1-42DC-9BAB-4EF9756BED0C}"
	ProjectSection(SolutionItems) = preProject
		.editorconfig = .editorconfig
	EndProjectSection
EndProject
Project("{FAE04EC0-301F-11D3-BF4B-00C04F79EFBC}") = "AprajitaRetails.DM", "AprajitaRetails.DM\AprajitaRetails.DM.csproj", "{25F79C46-292C-4431-B773-FA27C86CB788}"
EndProject
Project("{FAE04EC0-301F-11D3-BF4B-00C04F79EFBC}") = "AprajitaRetails.SO", "AprajitaRetails.SO\AprajitaRetails.SO.csproj", "{BCB85679-BD86-4864-BFCB-A2B2532E6CD6}"
EndProject
Project("{FAE04EC0-301F-11D3-BF4B-00C04F79EFBC}") = "AprajitaRetails.Bot", "AprajitaRetails.Bot\AprajitaRetails.Bot.csproj", "{A10ED645-0632-4F7B-8056-9B25AA9CCD23}"
EndProject
Global
	GlobalSection(SharedMSBuildProjectFiles) = preSolution
		AprajitaRetails.Dumps\AprajitaRetails.Dumps.projitems*{1ffd2a6b-426f-4132-8e71-5d351237c784}*SharedItemsImports = 13
		AprajitaRetails.Shared\AprajitaRetails.Shared.projitems*{c7b7db2f-2a0d-4d72-bb2a-317f8bb9ae6f}*SharedItemsImports = 5
		AprajitaRetails.Shared\AprajitaRetails.Shared.projitems*{c8d8a2e6-4d43-4766-8d80-6b9f6a4b1c82}*SharedItemsImports = 13
	EndGlobalSection
	GlobalSection(SolutionConfigurationPlatforms) = preSolution
		Debug|Any CPU = Debug|Any CPU
		Release|Any CPU = Release|Any CPU
	EndGlobalSection
	GlobalSection(ProjectConfigurationPlatforms) = postSolution
		{7DB52E09-DE82-4C49-A6A5-4EA77C92C14A}.Debug|Any CPU.ActiveCfg = Debug|Any CPU
		{7DB52E09-DE82-4C49-A6A5-4EA77C92C14A}.Debug|Any CPU.Build.0 = Debug|Any CPU
		{7DB52E09-DE82-4C49-A6A5-4EA77C92C14A}.Release|Any CPU.ActiveCfg = Release|Any CPU
		{7DB52E09-DE82-4C49-A6A5-4EA77C92C14A}.Release|Any CPU.Build.0 = Release|Any CPU
		{E8B79F25-8138-469F-9541-55FC7B03595D}.Debug|Any CPU.ActiveCfg = Debug|Any CPU
		{E8B79F25-8138-469F-9541-55FC7B03595D}.Debug|Any CPU.Build.0 = Debug|Any CPU
		{E8B79F25-8138-469F-9541-55FC7B03595D}.Release|Any CPU.ActiveCfg = Release|Any CPU
		{E8B79F25-8138-469F-9541-55FC7B03595D}.Release|Any CPU.Build.0 = Release|Any CPU
		{C7B7DB2F-2A0D-4D72-BB2A-317F8BB9AE6F}.Debug|Any CPU.ActiveCfg = Debug|Any CPU
		{C7B7DB2F-2A0D-4D72-BB2A-317F8BB9AE6F}.Debug|Any CPU.Build.0 = Debug|Any CPU
		{C7B7DB2F-2A0D-4D72-BB2A-317F8BB9AE6F}.Release|Any CPU.ActiveCfg = Release|Any CPU
		{C7B7DB2F-2A0D-4D72-BB2A-317F8BB9AE6F}.Release|Any CPU.Build.0 = Release|Any CPU
		{16D4031F-988A-4C38-BFDF-B9394FCF02F9}.Debug|Any CPU.ActiveCfg = Debug|Any CPU
		{16D4031F-988A-4C38-BFDF-B9394FCF02F9}.Debug|Any CPU.Build.0 = Debug|Any CPU
		{16D4031F-988A-4C38-BFDF-B9394FCF02F9}.Release|Any CPU.ActiveCfg = Release|Any CPU
		{16D4031F-988A-4C38-BFDF-B9394FCF02F9}.Release|Any CPU.Build.0 = Release|Any CPU
		{25F79C46-292C-4431-B773-FA27C86CB788}.Debug|Any CPU.ActiveCfg = Debug|Any CPU
		{25F79C46-292C-4431-B773-FA27C86CB788}.Debug|Any CPU.Build.0 = Debug|Any CPU
		{25F79C46-292C-4431-B773-FA27C86CB788}.Release|Any CPU.ActiveCfg = Release|Any CPU
		{25F79C46-292C-4431-B773-FA27C86CB788}.Release|Any CPU.Build.0 = Release|Any CPU
		{BCB85679-BD86-4864-BFCB-A2B2532E6CD6}.Debug|Any CPU.ActiveCfg = Debug|Any CPU
		{BCB85679-BD86-4864-BFCB-A2B2532E6CD6}.Debug|Any CPU.Build.0 = Debug|Any CPU
		{BCB85679-BD86-4864-BFCB-A2B2532E6CD6}.Release|Any CPU.ActiveCfg = Release|Any CPU
		{BCB85679-BD86-4864-BFCB-A2B2532E6CD6}.Release|Any CPU.Build.0 = Release|Any CPU
		{A10ED645-0632-4F7B-8056-9B25AA9CCD23}.Debug|Any CPU.ActiveCfg = Debug|Any CPU
		{A10ED645-0632-4F7B-8056-9B25AA9CCD23}.Debug|Any CPU.Build.0 = Debug|Any CPU
		{A10ED645-0632-4F7B-8056-9B25AA9CCD23}.Release|Any CPU.ActiveCfg = Release|Any CPU
		{A10ED645-0632-4F7B-8056-9B25AA9CCD23}.Release|Any CPU.Build.0 = Release|Any CPU
	EndGlobalSection
	GlobalSection(SolutionProperties) = preSolution
		HideSolutionNode = FALSE
	EndGlobalSection
	GlobalSection(ExtensibilityGlobals) = postSolution
		SolutionGuid = {991D094A-0158-4B4F-8AC8-9AE6386AED2C}
	EndGlobalSection
EndGlobal
